
Microsoft Visual Studio Solution File, Format Version 12.00
# Visual Studio Version 17
VisualStudioVersion = 17.1.32328.378
MinimumVisualStudioVersion = 10.0.40219.1
Project("{2150E333-8FDC-42A3-9474-1A3956D46DE8}") = "Frontend", "Frontend", "{70467B0B-1C2A-4570-B64E-B98D4C7FA90A}"
EndProject
Project("{2150E333-8FDC-42A3-9474-1A3956D46DE8}") = "Common", "Common", "{53A3C7BF-B374-4684-9AE4-DB6CE2FFAB24}"
EndProject
Project("{9A19103F-16F7-4668-BE54-9A1E7A4F7556}") = "Smadot.Utilities", "Utilities\Smadot.Utilities.csproj", "{A19CB57B-381E-4272-B057-71B2833FFD56}"
EndProject
Project("{2150E333-8FDC-42A3-9474-1A3956D46DE8}") = "Services", "Services", "{7FFD4E74-9C92-4422-9C69-023214339C91}"
EndProject
Project("{2150E333-8FDC-42A3-9474-1A3956D46DE8}") = "Gateway", "Gateway", "{D29141F6-C1EA-4080-8E01-7F518BCA62BB}"
EndProject
Project("{2150E333-8FDC-42A3-9474-1A3956D46DE8}") = "Testing", "Testing", "{60B5FA6F-14E9-48DE-A445-E2178F077827}"
EndProject
Project("{9A19103F-16F7-4668-BE54-9A1E7A4F7556}") = "Smadot.Models", "Smadot.Models\Smadot.Models.csproj", "{266EEB37-EBDD-42B5-8B13-733A204AD46F}"
EndProject
Project("{9A19103F-16F7-4668-BE54-9A1E7A4F7556}") = "Smadot.Gateway", "Smadot.Gateway\Smadot.Gateway.csproj", "{D6A76059-A7CA-45A4-83A8-18DEFB1AA5E2}"
EndProject
Project("{9A19103F-16F7-4668-BE54-9A1E7A4F7556}") = "Smadot.Autenticacion.api", "Smadot.Autenticacion.api\Smadot.Autenticacion.api.csproj", "{DD555157-2043-4053-813D-BFAE349DE149}"
EndProject
Project("{2150E333-8FDC-42A3-9474-1A3956D46DE8}") = "Autenticacion", "Autenticacion", "{3E88D8A5-35D9-40D5-A1BD-264359095B3B}"
EndProject
Project("{9A19103F-16F7-4668-BE54-9A1E7A4F7556}") = "Smadot.Autenticacion.Model", "Smadot.Autenticacion.Model\Smadot.Autenticacion.Model.csproj", "{3320A989-278B-446F-BB10-7ACE462FF54F}"
EndProject
Project("{2150E333-8FDC-42A3-9474-1A3956D46DE8}") = "SolicitudFormaValorada", "SolicitudFormaValorada", "{D3D6F686-0E91-4FBB-A0C5-ADEFCD413670}"
EndProject
Project("{9A19103F-16F7-4668-BE54-9A1E7A4F7556}") = "Smadot.SolicitudFormaValorada.Api", "Smadot.SolicitudFormaValorada.api\Smadot.SolicitudFormaValorada.Api.csproj", "{A6F6073E-C717-46D1-BEB5-A776614AA91B}"
EndProject
Project("{9A19103F-16F7-4668-BE54-9A1E7A4F7556}") = "Smadot.SolicitudFormaValorada.Model", "Smadot.SolicitudFormaValorada.model\Smadot.SolicitudFormaValorada.Model.csproj", "{25111161-934A-40A8-8B83-66DC2874340E}"
EndProject
Project("{9A19103F-16F7-4668-BE54-9A1E7A4F7556}") = "Smadot.Web", "Smadot.Web\Smadot.Web.csproj", "{9B243A66-F0DA-46FE-8A6A-020A53AC70D7}"
EndProject
Project("{2150E333-8FDC-42A3-9474-1A3956D46DE8}") = "Catalogo", "Catalogo", "{9FF94C17-9C06-4324-AD1B-7DA108C9BBA4}"
EndProject
Project("{9A19103F-16F7-4668-BE54-9A1E7A4F7556}") = "Smadot.Catalogo.Api", "Smadot.Catalogo.Api\Smadot.Catalogo.Api.csproj", "{8257DB39-2129-4576-9B05-D272613C0691}"
EndProject
Project("{9A19103F-16F7-4668-BE54-9A1E7A4F7556}") = "Smadot.Catalogo.Model", "Smadot.Catalogo.Model\Smadot.Catalogo.Model.csproj", "{002A07E5-EA96-4580-8F10-D0ADDF8BBA3D}"
EndProject
Project("{2150E333-8FDC-42A3-9474-1A3956D46DE8}") = "IngresoFormaValorada", "IngresoFormaValorada", "{0D5166B1-706B-4729-BCB3-AC77773FC77B}"
EndProject
Project("{9A19103F-16F7-4668-BE54-9A1E7A4F7556}") = "Smadot.IngresoFormaValorada.Api", "Smadot.IngresoFormaValorada.Api\Smadot.IngresoFormaValorada.Api.csproj", "{46D61B95-4BB1-4077-99A7-3567D0F832C7}"
EndProject
Project("{9A19103F-16F7-4668-BE54-9A1E7A4F7556}") = "Smadot.IngresoFormaValorada.Model", "Smadot.IngresoFormaValorada.Model\Smadot.IngresoFormaValorada.Model.csproj", "{9F7D8F3C-4739-458E-BCD9-F4AACA3F9585}"
EndProject
Project("{2150E333-8FDC-42A3-9474-1A3956D46DE8}") = "Venta", "Venta", "{FABF9329-0892-44A1-9793-DA2A72BC1CA7}"
EndProject
Project("{9A19103F-16F7-4668-BE54-9A1E7A4F7556}") = "Smadot.Venta.Api", "Smadot.Venta.Api\Smadot.Venta.Api.csproj", "{82B0A95F-71CA-4F8A-B1A9-AB79FBE9C9C7}"
EndProject
Project("{9A19103F-16F7-4668-BE54-9A1E7A4F7556}") = "Smadot.Venta.Model", "Smadot.Venta.Model\Smadot.Venta.Model.csproj", "{6DCF3086-69F0-499F-ADAB-44B0894809A6}"
EndProject
Project("{9A19103F-16F7-4668-BE54-9A1E7A4F7556}") = "Smadot.Testing.Backend", "Smadot.Testing.Backend\Smadot.Testing.Backend.csproj", "{6E9A8442-74F4-4878-B00B-D1EE0733A575}"
EndProject
Project("{2150E333-8FDC-42A3-9474-1A3956D46DE8}") = "DirectorioCentrosVerificacion", "DirectorioCentrosVerificacion", "{E014CA7D-3BC4-4E60-977C-7421CBFA2186}"
EndProject
Project("{9A19103F-16F7-4668-BE54-9A1E7A4F7556}") = "Smadot.DirectorioCentrosVerificacion.Model", "Smadot.DirectorioCentrosVerificacion.Model\Smadot.DirectorioCentrosVerificacion.Model.csproj", "{D98ECCD8-0D84-4EEA-BCA2-2A4689FD4DDA}"
EndProject
Project("{9A19103F-16F7-4668-BE54-9A1E7A4F7556}") = "Smadot.DirectorioCentrosVerificacion.Api", "Smadot.DirectorioCentrosVerificacion.Api\Smadot.DirectorioCentrosVerificacion.Api.csproj", "{2D661FEE-2660-4715-8717-CAF01A78577E}"
EndProject
Project("{2150E333-8FDC-42A3-9474-1A3956D46DE8}") = "AdministracionStock", "AdministracionStock", "{22A11E29-D942-4FDE-8B43-CAF8C8D1500A}"
EndProject
Project("{9A19103F-16F7-4668-BE54-9A1E7A4F7556}") = "Smadot.AdministracionStock.Api", "Smadot.AdministracionStock.Api\Smadot.AdministracionStock.Api.csproj", "{DE73498F-DB3D-4CC2-A3C9-3857518AE560}"
EndProject
Project("{9A19103F-16F7-4668-BE54-9A1E7A4F7556}") = "Smadot.AdministracionStock.Negocio", "Smadot.AdministracionStock.Negocio\Smadot.AdministracionStock.Negocio.csproj", "{3D0635A5-2975-49F6-B164-99D70584F23A}"
EndProject
Project("{2150E333-8FDC-42A3-9474-1A3956D46DE8}") = "SeguimientoCVV", "SeguimientoCVV", "{1FAC81FE-6DE8-4FDA-A09A-F09DC1379039}"
	ProjectSection(SolutionItems) = preProject
		Smadot.Venta.Api\Controllers\ConfiguracionLayoutController.cs = Smadot.Venta.Api\Controllers\ConfiguracionLayoutController.cs
	EndProjectSection
EndProject
Project("{9A19103F-16F7-4668-BE54-9A1E7A4F7556}") = "Smadot.SeguimientoCVV.Api", "Smadot.SeguimientoCVV.Api\Smadot.SeguimientoCVV.Api.csproj", "{272225C5-F491-4335-9B40-B5726A878A99}"
EndProject
Project("{9A19103F-16F7-4668-BE54-9A1E7A4F7556}") = "Smadot.SeguimientoCVV.Model", "Smadot.SeguimientoCVV.Model\Smadot.SeguimientoCVV.Model.csproj", "{B9F153AB-7546-46E2-A291-6BE223D2C1C4}"
EndProject
Project("{2150E333-8FDC-42A3-9474-1A3956D46DE8}") = "SmadotTareas", "SmadotTareas", "{5F273B0F-DE46-4957-A92C-AFA88708AB8B}"
EndProject
Project("{9A19103F-16F7-4668-BE54-9A1E7A4F7556}") = "Smadot.SmadotTareas.Api", "Smadot.SmadotTareas.Api\Smadot.SmadotTareas.Api.csproj", "{680A38B5-3969-4D78-A3D0-8B783A7FD20C}"
EndProject
Project("{9A19103F-16F7-4668-BE54-9A1E7A4F7556}") = "Smadot.SmadotTareas.Negocio", "Smadot.SmadotTareas.Negocio\Smadot.SmadotTareas.Negocio.csproj", "{0F862BCC-E74E-4540-AFB5-7D8CA65E2B73}"
EndProject
Project("{9A19103F-16F7-4668-BE54-9A1E7A4F7556}") = "Smadsot.FotoMulta.Negocio", "Smadsot.FotoMulta.Negocio\Smadsot.FotoMulta.Negocio.csproj", "{AC37128B-2371-48A3-9363-611651C56DD5}"
EndProject
Project("{9A19103F-16F7-4668-BE54-9A1E7A4F7556}") = "Smadsot.FotoMulta.Model", "Smadsot.FotoMulta.Model\Smadsot.FotoMulta.Model.csproj", "{835E473E-084B-4CB2-BAA2-49F10C4A1381}"
EndProject
Project("{9A19103F-16F7-4668-BE54-9A1E7A4F7556}") = "Smadsot.FotoMultaService.Api", "Smadsot.FotoMultaService.Api\Smadsot.FotoMultaService.Api.csproj", "{635DED54-F67C-43DA-B992-84F54175C27E}"
EndProject
Project("{9A19103F-16F7-4668-BE54-9A1E7A4F7556}") = "Smadsot.Historico.Models", "Smadsot.Historico.Models\Smadsot.Historico.Models.csproj", "{E7D66246-F201-4E9D-B9BC-96157A072141}"
EndProject
Global
	GlobalSection(SolutionConfigurationPlatforms) = preSolution
		Debug|Any CPU = Debug|Any CPU
		Release|Any CPU = Release|Any CPU
	EndGlobalSection
	GlobalSection(ProjectConfigurationPlatforms) = postSolution
		{A19CB57B-381E-4272-B057-71B2833FFD56}.Debug|Any CPU.ActiveCfg = Debug|Any CPU
		{A19CB57B-381E-4272-B057-71B2833FFD56}.Debug|Any CPU.Build.0 = Debug|Any CPU
		{A19CB57B-381E-4272-B057-71B2833FFD56}.Release|Any CPU.ActiveCfg = Release|Any CPU
		{A19CB57B-381E-4272-B057-71B2833FFD56}.Release|Any CPU.Build.0 = Release|Any CPU
		{266EEB37-EBDD-42B5-8B13-733A204AD46F}.Debug|Any CPU.ActiveCfg = Debug|Any CPU
		{266EEB37-EBDD-42B5-8B13-733A204AD46F}.Debug|Any CPU.Build.0 = Debug|Any CPU
		{266EEB37-EBDD-42B5-8B13-733A204AD46F}.Release|Any CPU.ActiveCfg = Release|Any CPU
		{266EEB37-EBDD-42B5-8B13-733A204AD46F}.Release|Any CPU.Build.0 = Release|Any CPU
		{D6A76059-A7CA-45A4-83A8-18DEFB1AA5E2}.Debug|Any CPU.ActiveCfg = Debug|Any CPU
		{D6A76059-A7CA-45A4-83A8-18DEFB1AA5E2}.Debug|Any CPU.Build.0 = Debug|Any CPU
		{D6A76059-A7CA-45A4-83A8-18DEFB1AA5E2}.Release|Any CPU.ActiveCfg = Release|Any CPU
		{D6A76059-A7CA-45A4-83A8-18DEFB1AA5E2}.Release|Any CPU.Build.0 = Release|Any CPU
		{DD555157-2043-4053-813D-BFAE349DE149}.Debug|Any CPU.ActiveCfg = Debug|Any CPU
		{DD555157-2043-4053-813D-BFAE349DE149}.Debug|Any CPU.Build.0 = Debug|Any CPU
		{DD555157-2043-4053-813D-BFAE349DE149}.Release|Any CPU.ActiveCfg = Release|Any CPU
		{DD555157-2043-4053-813D-BFAE349DE149}.Release|Any CPU.Build.0 = Release|Any CPU
		{3320A989-278B-446F-BB10-7ACE462FF54F}.Debug|Any CPU.ActiveCfg = Debug|Any CPU
		{3320A989-278B-446F-BB10-7ACE462FF54F}.Debug|Any CPU.Build.0 = Debug|Any CPU
		{3320A989-278B-446F-BB10-7ACE462FF54F}.Release|Any CPU.ActiveCfg = Release|Any CPU
		{3320A989-278B-446F-BB10-7ACE462FF54F}.Release|Any CPU.Build.0 = Release|Any CPU
		{A6F6073E-C717-46D1-BEB5-A776614AA91B}.Debug|Any CPU.ActiveCfg = Debug|Any CPU
		{A6F6073E-C717-46D1-BEB5-A776614AA91B}.Debug|Any CPU.Build.0 = Debug|Any CPU
		{A6F6073E-C717-46D1-BEB5-A776614AA91B}.Release|Any CPU.ActiveCfg = Release|Any CPU
		{A6F6073E-C717-46D1-BEB5-A776614AA91B}.Release|Any CPU.Build.0 = Release|Any CPU
		{25111161-934A-40A8-8B83-66DC2874340E}.Debug|Any CPU.ActiveCfg = Debug|Any CPU
		{25111161-934A-40A8-8B83-66DC2874340E}.Debug|Any CPU.Build.0 = Debug|Any CPU
		{25111161-934A-40A8-8B83-66DC2874340E}.Release|Any CPU.ActiveCfg = Release|Any CPU
		{25111161-934A-40A8-8B83-66DC2874340E}.Release|Any CPU.Build.0 = Release|Any CPU
		{9B243A66-F0DA-46FE-8A6A-020A53AC70D7}.Debug|Any CPU.ActiveCfg = Debug|Any CPU
		{9B243A66-F0DA-46FE-8A6A-020A53AC70D7}.Debug|Any CPU.Build.0 = Debug|Any CPU
		{9B243A66-F0DA-46FE-8A6A-020A53AC70D7}.Release|Any CPU.ActiveCfg = Release|Any CPU
		{9B243A66-F0DA-46FE-8A6A-020A53AC70D7}.Release|Any CPU.Build.0 = Release|Any CPU
		{8257DB39-2129-4576-9B05-D272613C0691}.Debug|Any CPU.ActiveCfg = Debug|Any CPU
		{8257DB39-2129-4576-9B05-D272613C0691}.Debug|Any CPU.Build.0 = Debug|Any CPU
		{8257DB39-2129-4576-9B05-D272613C0691}.Release|Any CPU.ActiveCfg = Release|Any CPU
		{8257DB39-2129-4576-9B05-D272613C0691}.Release|Any CPU.Build.0 = Release|Any CPU
		{002A07E5-EA96-4580-8F10-D0ADDF8BBA3D}.Debug|Any CPU.ActiveCfg = Debug|Any CPU
		{002A07E5-EA96-4580-8F10-D0ADDF8BBA3D}.Debug|Any CPU.Build.0 = Debug|Any CPU
		{002A07E5-EA96-4580-8F10-D0ADDF8BBA3D}.Release|Any CPU.ActiveCfg = Release|Any CPU
		{002A07E5-EA96-4580-8F10-D0ADDF8BBA3D}.Release|Any CPU.Build.0 = Release|Any CPU
		{46D61B95-4BB1-4077-99A7-3567D0F832C7}.Debug|Any CPU.ActiveCfg = Debug|Any CPU
		{46D61B95-4BB1-4077-99A7-3567D0F832C7}.Debug|Any CPU.Build.0 = Debug|Any CPU
		{46D61B95-4BB1-4077-99A7-3567D0F832C7}.Release|Any CPU.ActiveCfg = Release|Any CPU
		{46D61B95-4BB1-4077-99A7-3567D0F832C7}.Release|Any CPU.Build.0 = Release|Any CPU
		{9F7D8F3C-4739-458E-BCD9-F4AACA3F9585}.Debug|Any CPU.ActiveCfg = Debug|Any CPU
		{9F7D8F3C-4739-458E-BCD9-F4AACA3F9585}.Debug|Any CPU.Build.0 = Debug|Any CPU
		{9F7D8F3C-4739-458E-BCD9-F4AACA3F9585}.Release|Any CPU.ActiveCfg = Release|Any CPU
		{9F7D8F3C-4739-458E-BCD9-F4AACA3F9585}.Release|Any CPU.Build.0 = Release|Any CPU
		{82B0A95F-71CA-4F8A-B1A9-AB79FBE9C9C7}.Debug|Any CPU.ActiveCfg = Debug|Any CPU
		{82B0A95F-71CA-4F8A-B1A9-AB79FBE9C9C7}.Debug|Any CPU.Build.0 = Debug|Any CPU
		{82B0A95F-71CA-4F8A-B1A9-AB79FBE9C9C7}.Release|Any CPU.ActiveCfg = Release|Any CPU
		{82B0A95F-71CA-4F8A-B1A9-AB79FBE9C9C7}.Release|Any CPU.Build.0 = Release|Any CPU
		{6DCF3086-69F0-499F-ADAB-44B0894809A6}.Debug|Any CPU.ActiveCfg = Debug|Any CPU
		{6DCF3086-69F0-499F-ADAB-44B0894809A6}.Debug|Any CPU.Build.0 = Debug|Any CPU
		{6DCF3086-69F0-499F-ADAB-44B0894809A6}.Release|Any CPU.ActiveCfg = Release|Any CPU
		{6DCF3086-69F0-499F-ADAB-44B0894809A6}.Release|Any CPU.Build.0 = Release|Any CPU
		{6E9A8442-74F4-4878-B00B-D1EE0733A575}.Debug|Any CPU.ActiveCfg = Debug|Any CPU
		{6E9A8442-74F4-4878-B00B-D1EE0733A575}.Debug|Any CPU.Build.0 = Debug|Any CPU
		{6E9A8442-74F4-4878-B00B-D1EE0733A575}.Release|Any CPU.ActiveCfg = Release|Any CPU
		{6E9A8442-74F4-4878-B00B-D1EE0733A575}.Release|Any CPU.Build.0 = Release|Any CPU
		{D98ECCD8-0D84-4EEA-BCA2-2A4689FD4DDA}.Debug|Any CPU.ActiveCfg = Debug|Any CPU
		{D98ECCD8-0D84-4EEA-BCA2-2A4689FD4DDA}.Debug|Any CPU.Build.0 = Debug|Any CPU
		{D98ECCD8-0D84-4EEA-BCA2-2A4689FD4DDA}.Release|Any CPU.ActiveCfg = Release|Any CPU
		{D98ECCD8-0D84-4EEA-BCA2-2A4689FD4DDA}.Release|Any CPU.Build.0 = Release|Any CPU
		{2D661FEE-2660-4715-8717-CAF01A78577E}.Debug|Any CPU.ActiveCfg = Debug|Any CPU
		{2D661FEE-2660-4715-8717-CAF01A78577E}.Debug|Any CPU.Build.0 = Debug|Any CPU
		{2D661FEE-2660-4715-8717-CAF01A78577E}.Release|Any CPU.ActiveCfg = Release|Any CPU
		{2D661FEE-2660-4715-8717-CAF01A78577E}.Release|Any CPU.Build.0 = Release|Any CPU
		{DE73498F-DB3D-4CC2-A3C9-3857518AE560}.Debug|Any CPU.ActiveCfg = Debug|Any CPU
		{DE73498F-DB3D-4CC2-A3C9-3857518AE560}.Debug|Any CPU.Build.0 = Debug|Any CPU
		{DE73498F-DB3D-4CC2-A3C9-3857518AE560}.Release|Any CPU.ActiveCfg = Release|Any CPU
		{DE73498F-DB3D-4CC2-A3C9-3857518AE560}.Release|Any CPU.Build.0 = Release|Any CPU
		{3D0635A5-2975-49F6-B164-99D70584F23A}.Debug|Any CPU.ActiveCfg = Debug|Any CPU
		{3D0635A5-2975-49F6-B164-99D70584F23A}.Debug|Any CPU.Build.0 = Debug|Any CPU
		{3D0635A5-2975-49F6-B164-99D70584F23A}.Release|Any CPU.ActiveCfg = Release|Any CPU
		{3D0635A5-2975-49F6-B164-99D70584F23A}.Release|Any CPU.Build.0 = Release|Any CPU
		{272225C5-F491-4335-9B40-B5726A878A99}.Debug|Any CPU.ActiveCfg = Debug|Any CPU
		{272225C5-F491-4335-9B40-B5726A878A99}.Debug|Any CPU.Build.0 = Debug|Any CPU
		{272225C5-F491-4335-9B40-B5726A878A99}.Release|Any CPU.ActiveCfg = Release|Any CPU
		{272225C5-F491-4335-9B40-B5726A878A99}.Release|Any CPU.Build.0 = Release|Any CPU
		{B9F153AB-7546-46E2-A291-6BE223D2C1C4}.Debug|Any CPU.ActiveCfg = Debug|Any CPU
		{B9F153AB-7546-46E2-A291-6BE223D2C1C4}.Debug|Any CPU.Build.0 = Debug|Any CPU
		{B9F153AB-7546-46E2-A291-6BE223D2C1C4}.Release|Any CPU.ActiveCfg = Release|Any CPU
		{B9F153AB-7546-46E2-A291-6BE223D2C1C4}.Release|Any CPU.Build.0 = Release|Any CPU
		{680A38B5-3969-4D78-A3D0-8B783A7FD20C}.Debug|Any CPU.ActiveCfg = Debug|Any CPU
		{680A38B5-3969-4D78-A3D0-8B783A7FD20C}.Debug|Any CPU.Build.0 = Debug|Any CPU
		{680A38B5-3969-4D78-A3D0-8B783A7FD20C}.Release|Any CPU.ActiveCfg = Release|Any CPU
		{680A38B5-3969-4D78-A3D0-8B783A7FD20C}.Release|Any CPU.Build.0 = Release|Any CPU
		{0F862BCC-E74E-4540-AFB5-7D8CA65E2B73}.Debug|Any CPU.ActiveCfg = Debug|Any CPU
		{0F862BCC-E74E-4540-AFB5-7D8CA65E2B73}.Debug|Any CPU.Build.0 = Debug|Any CPU
		{0F862BCC-E74E-4540-AFB5-7D8CA65E2B73}.Release|Any CPU.ActiveCfg = Release|Any CPU
		{0F862BCC-E74E-4540-AFB5-7D8CA65E2B73}.Release|Any CPU.Build.0 = Release|Any CPU
		{AC37128B-2371-48A3-9363-611651C56DD5}.Debug|Any CPU.ActiveCfg = Debug|Any CPU
		{AC37128B-2371-48A3-9363-611651C56DD5}.Debug|Any CPU.Build.0 = Debug|Any CPU
		{AC37128B-2371-48A3-9363-611651C56DD5}.Release|Any CPU.ActiveCfg = Release|Any CPU
		{AC37128B-2371-48A3-9363-611651C56DD5}.Release|Any CPU.Build.0 = Release|Any CPU
		{835E473E-084B-4CB2-BAA2-49F10C4A1381}.Debug|Any CPU.ActiveCfg = Debug|Any CPU
		{835E473E-084B-4CB2-BAA2-49F10C4A1381}.Debug|Any CPU.Build.0 = Debug|Any CPU
		{835E473E-084B-4CB2-BAA2-49F10C4A1381}.Release|Any CPU.ActiveCfg = Release|Any CPU
		{835E473E-084B-4CB2-BAA2-49F10C4A1381}.Release|Any CPU.Build.0 = Release|Any CPU
		{635DED54-F67C-43DA-B992-84F54175C27E}.Debug|Any CPU.ActiveCfg = Debug|Any CPU
		{635DED54-F67C-43DA-B992-84F54175C27E}.Debug|Any CPU.Build.0 = Debug|Any CPU
		{635DED54-F67C-43DA-B992-84F54175C27E}.Release|Any CPU.ActiveCfg = Release|Any CPU
		{635DED54-F67C-43DA-B992-84F54175C27E}.Release|Any CPU.Build.0 = Release|Any CPU
		{E7D66246-F201-4E9D-B9BC-96157A072141}.Debug|Any CPU.ActiveCfg = Debug|Any CPU
		{E7D66246-F201-4E9D-B9BC-96157A072141}.Debug|Any CPU.Build.0 = Debug|Any CPU
		{E7D66246-F201-4E9D-B9BC-96157A072141}.Release|Any CPU.ActiveCfg = Release|Any CPU
		{E7D66246-F201-4E9D-B9BC-96157A072141}.Release|Any CPU.Build.0 = Release|Any CPU
	EndGlobalSection
	GlobalSection(SolutionProperties) = preSolution
		HideSolutionNode = FALSE
	EndGlobalSection
	GlobalSection(NestedProjects) = preSolution
		{A19CB57B-381E-4272-B057-71B2833FFD56} = {53A3C7BF-B374-4684-9AE4-DB6CE2FFAB24}
		{266EEB37-EBDD-42B5-8B13-733A204AD46F} = {53A3C7BF-B374-4684-9AE4-DB6CE2FFAB24}
		{D6A76059-A7CA-45A4-83A8-18DEFB1AA5E2} = {D29141F6-C1EA-4080-8E01-7F518BCA62BB}
		{DD555157-2043-4053-813D-BFAE349DE149} = {3E88D8A5-35D9-40D5-A1BD-264359095B3B}
		{3E88D8A5-35D9-40D5-A1BD-264359095B3B} = {7FFD4E74-9C92-4422-9C69-023214339C91}
		{3320A989-278B-446F-BB10-7ACE462FF54F} = {3E88D8A5-35D9-40D5-A1BD-264359095B3B}
		{D3D6F686-0E91-4FBB-A0C5-ADEFCD413670} = {7FFD4E74-9C92-4422-9C69-023214339C91}
		{A6F6073E-C717-46D1-BEB5-A776614AA91B} = {D3D6F686-0E91-4FBB-A0C5-ADEFCD413670}
		{25111161-934A-40A8-8B83-66DC2874340E} = {D3D6F686-0E91-4FBB-A0C5-ADEFCD413670}
		{9B243A66-F0DA-46FE-8A6A-020A53AC70D7} = {70467B0B-1C2A-4570-B64E-B98D4C7FA90A}
		{9FF94C17-9C06-4324-AD1B-7DA108C9BBA4} = {7FFD4E74-9C92-4422-9C69-023214339C91}
		{8257DB39-2129-4576-9B05-D272613C0691} = {9FF94C17-9C06-4324-AD1B-7DA108C9BBA4}
		{002A07E5-EA96-4580-8F10-D0ADDF8BBA3D} = {9FF94C17-9C06-4324-AD1B-7DA108C9BBA4}
		{0D5166B1-706B-4729-BCB3-AC77773FC77B} = {7FFD4E74-9C92-4422-9C69-023214339C91}
		{46D61B95-4BB1-4077-99A7-3567D0F832C7} = {0D5166B1-706B-4729-BCB3-AC77773FC77B}
		{9F7D8F3C-4739-458E-BCD9-F4AACA3F9585} = {0D5166B1-706B-4729-BCB3-AC77773FC77B}
		{FABF9329-0892-44A1-9793-DA2A72BC1CA7} = {7FFD4E74-9C92-4422-9C69-023214339C91}
		{82B0A95F-71CA-4F8A-B1A9-AB79FBE9C9C7} = {FABF9329-0892-44A1-9793-DA2A72BC1CA7}
		{6DCF3086-69F0-499F-ADAB-44B0894809A6} = {FABF9329-0892-44A1-9793-DA2A72BC1CA7}
		{6E9A8442-74F4-4878-B00B-D1EE0733A575} = {60B5FA6F-14E9-48DE-A445-E2178F077827}
		{E014CA7D-3BC4-4E60-977C-7421CBFA2186} = {7FFD4E74-9C92-4422-9C69-023214339C91}
		{D98ECCD8-0D84-4EEA-BCA2-2A4689FD4DDA} = {E014CA7D-3BC4-4E60-977C-7421CBFA2186}
		{2D661FEE-2660-4715-8717-CAF01A78577E} = {E014CA7D-3BC4-4E60-977C-7421CBFA2186}
		{22A11E29-D942-4FDE-8B43-CAF8C8D1500A} = {7FFD4E74-9C92-4422-9C69-023214339C91}
		{DE73498F-DB3D-4CC2-A3C9-3857518AE560} = {22A11E29-D942-4FDE-8B43-CAF8C8D1500A}
		{3D0635A5-2975-49F6-B164-99D70584F23A} = {22A11E29-D942-4FDE-8B43-CAF8C8D1500A}
		{1FAC81FE-6DE8-4FDA-A09A-F09DC1379039} = {7FFD4E74-9C92-4422-9C69-023214339C91}
		{272225C5-F491-4335-9B40-B5726A878A99} = {1FAC81FE-6DE8-4FDA-A09A-F09DC1379039}
		{B9F153AB-7546-46E2-A291-6BE223D2C1C4} = {1FAC81FE-6DE8-4FDA-A09A-F09DC1379039}
		{5F273B0F-DE46-4957-A92C-AFA88708AB8B} = {7FFD4E74-9C92-4422-9C69-023214339C91}
		{680A38B5-3969-4D78-A3D0-8B783A7FD20C} = {5F273B0F-DE46-4957-A92C-AFA88708AB8B}
		{0F862BCC-E74E-4540-AFB5-7D8CA65E2B73} = {5F273B0F-DE46-4957-A92C-AFA88708AB8B}
	EndGlobalSection
	GlobalSection(ExtensibilityGlobals) = postSolution
		SolutionGuid = {21AC8235-CC8D-45B2-8730-279C07934177}
	EndGlobalSection
EndGlobal
